{
    "_readme": [
        "This file locks the dependencies of your project to a known state",
        "Read more about it at https://getcomposer.org/doc/01-basic-usage.md#installing-dependencies",
        "This file is @generated automatically"
    ],
    "content-hash": "875260ab3fb88adff059cfde30eeacf7",
    "packages": [
        {
            "name": "kucrut/vite-for-wp",
            "version": "v0.12.0",
            "source": {
                "type": "git",
                "url": "https://github.com/kucrut/vite-for-wp.git",
                "reference": "45ec51bbaedbc4e7335db3b3d4a4923962634fea"
            },
            "dist": {
                "type": "zip",
                "url": "https://api.github.com/repos/kucrut/vite-for-wp/zipball/45ec51bbaedbc4e7335db3b3d4a4923962634fea",
                "reference": "45ec51bbaedbc4e7335db3b3d4a4923962634fea",
                "shasum": "",
                "mirrors": [
                    {
                        "url": "https://mirrors.aliyun.com/composer/dists/%package%/%reference%.%type%",
                        "preferred": true
                    }
                ]
            },
            "require-dev": {
                "wp-coding-standards/wpcs": "^3.0"
            },
            "type": "library",
            "autoload": {
                "files": [
                    "vite-for-wp.php"
                ]
            },
            "notification-url": "https://packagist.org/downloads/",
            "license": [
                "GPL-2.0-only"
            ],
            "authors": [
                {
                    "name": "Dzikri Aziz"
                }
            ],
            "description": "Vite integration for WordPress plugins and themes development.",
            "support": {
                "issues": "https://github.com/kucrut/vite-for-wp/issues",
                "source": "https://github.com/kucrut/vite-for-wp/tree/v0.12.0"
            },
            "time": "2025-06-26T03:15:40+00:00"
        }
    ],
    "packages-dev": [],
    "aliases": [],
    "minimum-stability": "stable",
    "stability-flags": {},
    "prefer-stable": false,
    "prefer-lowest": false,
    "platform": {},
    "platform-dev": {},
    "plugin-api-version": "2.9.0"
}
